# THIS IS AN AUTOGENERATED FILE. DO NOT EDIT THIS FILE DIRECTLY.
# yarn lockfile v1
data.task:
  version "3.1.1"
  resolved "https://registry.yarnpkg.com/data.task/-/data.task-3.1.1.tgz#e985f5bedadd926b2d63c1a5d2076cff917a52ad"

futurize:
  version "1.0.2"
  resolved "https://registry.yarnpkg.com/futurize/-/futurize-1.0.2.tgz#7cce73efa3eae3a5ce27a3fce69889d478e9ce38"

immutable:
  version "3.8.1"
  resolved "https://registry.yarnpkg.com/immutable/-/immutable-3.8.1.tgz#200807f11ab0f72710ea485542de088075f68cd2"

immutable-ext:
  version "1.0.8"
  resolved "https://registry.yarnpkg.com/immutable-ext/-/immutable-ext-1.0.8.tgz#be49852c009b9c06cbceaf166c873a1d109a4ddc"

